
Microsoft Visual Studio Solution File, Format Version 12.00
# Visual Studio Version 17
VisualStudioVersion = 17.0.31903.59
MinimumVisualStudioVersion = 10.0.40219.1
Project("{2150E333-8FDC-42A3-9474-1A3956D46DE8}") = "Domain", "Domain", "{673847C0-AF0A-4A0E-B07D-AF851C7A45F0}"
EndProject
Project("{2150E333-8FDC-42A3-9474-1A3956D46DE8}") = "Infra.Bus", "Infra.Bus", "{817F9084-4BE2-4366-B113-964E5ECE5BF4}"
EndProject
Project("{2150E333-8FDC-42A3-9474-1A3956D46DE8}") = "Infra.IoC", "Infra.IoC", "{3A20B161-B09E-4EE9-9AC0-9520522C3243}"
EndProject
Project("{2150E333-8FDC-42A3-9474-1A3956D46DE8}") = "Microservices", "Microservices", "{8E397737-A3CA-423F-AB97-B4DDEE731C59}"
EndProject
Project("{9A19103F-16F7-4668-BE54-9A1E7A4F7556}") = "MicroCars.Domain.Core", "MicroCars.Domain.Core\MicroCars.Domain.Core.csproj", "{DD59CAA8-58CC-4D86-A2B8-EF171DBF5F51}"
EndProject
Project("{9A19103F-16F7-4668-BE54-9A1E7A4F7556}") = "MicroCars.Infra.Bus", "MicroCars.Infra.Bus\MicroCars.Infra.Bus.csproj", "{951BE03C-1DB3-4C1F-B87A-4247D3CDE0CE}"
EndProject
Project("{9A19103F-16F7-4668-BE54-9A1E7A4F7556}") = "MicroCars.Infra.IoC", "MicroCars.Infra.IoC\MicroCars.Infra.IoC.csproj", "{7CDE6F38-D7D4-4ADD-BD5B-EE0F5EEA674D}"
EndProject
Project("{2150E333-8FDC-42A3-9474-1A3956D46DE8}") = "Users", "Users", "{D026CD3B-F1A6-4BD7-9D99-FB4F7F4DF3EF}"
EndProject
Project("{2150E333-8FDC-42A3-9474-1A3956D46DE8}") = "Cars", "Cars", "{7DDB85B6-4379-4C65-9414-555932724549}"
EndProject
Project("{2150E333-8FDC-42A3-9474-1A3956D46DE8}") = "Api", "Api", "{28190BF8-EDD1-4070-A073-5AD78ADF1EB7}"
EndProject
Project("{2150E333-8FDC-42A3-9474-1A3956D46DE8}") = "Application", "Application", "{240337DD-A610-4948-9125-08F55680A77C}"
EndProject
Project("{2150E333-8FDC-42A3-9474-1A3956D46DE8}") = "Data", "Data", "{360608A2-EB89-4DDA-8F38-57B04AF654E2}"
EndProject
Project("{2150E333-8FDC-42A3-9474-1A3956D46DE8}") = "Domain", "Domain", "{E6A49178-8439-472E-B7B2-5E321848B998}"
EndProject
Project("{9A19103F-16F7-4668-BE54-9A1E7A4F7556}") = "MicroCars.Users.Api", "MicroCars.Users.Api\MicroCars.Users.Api.csproj", "{38D84E35-3D79-41A6-A0C4-B07666C5AB30}"
EndProject
Project("{9A19103F-16F7-4668-BE54-9A1E7A4F7556}") = "MicroCars.User.Application", "MicroCars.User.Application\MicroCars.User.Application.csproj", "{6EF9726B-05CB-4069-9CB4-CF4A5FC3C2CF}"
EndProject
Project("{9A19103F-16F7-4668-BE54-9A1E7A4F7556}") = "MicroCars.Users.Domain", "MicroCars.Users.Domain\MicroCars.Users.Domain.csproj", "{AF08BEB9-43D7-4D1D-A23E-F98FB74E6511}"
EndProject
Project("{9A19103F-16F7-4668-BE54-9A1E7A4F7556}") = "MicroCar.User.Data", "MicroCar.User.Data\MicroCar.User.Data.csproj", "{977A9FF8-038F-4825-905C-C3B59785BE24}"
EndProject
Project("{2150E333-8FDC-42A3-9474-1A3956D46DE8}") = "src", "src", "{8D2168B2-61E7-482F-B381-6AB3B6B96055}"
EndProject
Project("{2150E333-8FDC-42A3-9474-1A3956D46DE8}") = "Api", "Api", "{D162563D-037F-4C16-AE5C-6C4D86A39B89}"
EndProject
Project("{FAE04EC0-301F-11D3-BF4B-00C04F79EFBC}") = "MicroCars.Cars.Api", "MicroCars.Cars.Api\MicroCars.Cars.Api.csproj", "{C419E401-B6C9-4650-AE30-4967BD75B81D}"
EndProject
Project("{2150E333-8FDC-42A3-9474-1A3956D46DE8}") = "Application", "Application", "{0A2EA196-6DC2-4D03-8FB0-106A0AF91C8F}"
EndProject
Project("{2150E333-8FDC-42A3-9474-1A3956D46DE8}") = "Data", "Data", "{22C4F646-E974-4238-937B-2D1059EF452E}"
EndProject
Project("{2150E333-8FDC-42A3-9474-1A3956D46DE8}") = "Domain", "Domain", "{B2C44621-A81E-47B9-93E2-1EFA3B2DF780}"
EndProject
Project("{FAE04EC0-301F-11D3-BF4B-00C04F79EFBC}") = "MicroCars.Cars.Domain", "MicroCars.Cars.Domain\MicroCars.Cars.Domain.csproj", "{80C218A9-102D-4E20-9BA5-378B85A28860}"
EndProject
Project("{FAE04EC0-301F-11D3-BF4B-00C04F79EFBC}") = "MicroCars.Cars.Data", "MicroCars.Cars.Data\MicroCars.Cars.Data.csproj", "{4FD4439C-6CFD-422C-9BA7-240C965EC00F}"
EndProject
Project("{FAE04EC0-301F-11D3-BF4B-00C04F79EFBC}") = "MicroCars.Cars.Application", "MicroCars.Cars.Application\MicroCars.Cars.Application.csproj", "{AFFD8D7A-FE5C-484A-8B57-29544CBA6A6F}"
EndProject
Project("{2150E333-8FDC-42A3-9474-1A3956D46DE8}") = "test", "test", "{2B079BB9-8639-48C9-A844-C11A45D7B0CA}"
EndProject
Project("{FAE04EC0-301F-11D3-BF4B-00C04F79EFBC}") = "MicroCars.User.Application.Test", "MicroCars.User.Application.Test\MicroCars.User.Application.Test.csproj", "{BA5832BC-D64D-4429-9FF3-25C085259681}"
EndProject
Global
	GlobalSection(SolutionConfigurationPlatforms) = preSolution
		Debug|Any CPU = Debug|Any CPU
		Release|Any CPU = Release|Any CPU
	EndGlobalSection
	GlobalSection(ProjectConfigurationPlatforms) = postSolution
		{DD59CAA8-58CC-4D86-A2B8-EF171DBF5F51}.Debug|Any CPU.ActiveCfg = Debug|Any CPU
		{DD59CAA8-58CC-4D86-A2B8-EF171DBF5F51}.Debug|Any CPU.Build.0 = Debug|Any CPU
		{DD59CAA8-58CC-4D86-A2B8-EF171DBF5F51}.Release|Any CPU.ActiveCfg = Release|Any CPU
		{DD59CAA8-58CC-4D86-A2B8-EF171DBF5F51}.Release|Any CPU.Build.0 = Release|Any CPU
		{951BE03C-1DB3-4C1F-B87A-4247D3CDE0CE}.Debug|Any CPU.ActiveCfg = Debug|Any CPU
		{951BE03C-1DB3-4C1F-B87A-4247D3CDE0CE}.Debug|Any CPU.Build.0 = Debug|Any CPU
		{951BE03C-1DB3-4C1F-B87A-4247D3CDE0CE}.Release|Any CPU.ActiveCfg = Release|Any CPU
		{951BE03C-1DB3-4C1F-B87A-4247D3CDE0CE}.Release|Any CPU.Build.0 = Release|Any CPU
		{7CDE6F38-D7D4-4ADD-BD5B-EE0F5EEA674D}.Debug|Any CPU.ActiveCfg = Debug|Any CPU
		{7CDE6F38-D7D4-4ADD-BD5B-EE0F5EEA674D}.Debug|Any CPU.Build.0 = Debug|Any CPU
		{7CDE6F38-D7D4-4ADD-BD5B-EE0F5EEA674D}.Release|Any CPU.ActiveCfg = Release|Any CPU
		{7CDE6F38-D7D4-4ADD-BD5B-EE0F5EEA674D}.Release|Any CPU.Build.0 = Release|Any CPU
		{38D84E35-3D79-41A6-A0C4-B07666C5AB30}.Debug|Any CPU.ActiveCfg = Debug|Any CPU
		{38D84E35-3D79-41A6-A0C4-B07666C5AB30}.Debug|Any CPU.Build.0 = Debug|Any CPU
		{38D84E35-3D79-41A6-A0C4-B07666C5AB30}.Release|Any CPU.ActiveCfg = Release|Any CPU
		{38D84E35-3D79-41A6-A0C4-B07666C5AB30}.Release|Any CPU.Build.0 = Release|Any CPU
		{6EF9726B-05CB-4069-9CB4-CF4A5FC3C2CF}.Debug|Any CPU.ActiveCfg = Debug|Any CPU
		{6EF9726B-05CB-4069-9CB4-CF4A5FC3C2CF}.Debug|Any CPU.Build.0 = Debug|Any CPU
		{6EF9726B-05CB-4069-9CB4-CF4A5FC3C2CF}.Release|Any CPU.ActiveCfg = Release|Any CPU
		{6EF9726B-05CB-4069-9CB4-CF4A5FC3C2CF}.Release|Any CPU.Build.0 = Release|Any CPU
		{AF08BEB9-43D7-4D1D-A23E-F98FB74E6511}.Debug|Any CPU.ActiveCfg = Debug|Any CPU
		{AF08BEB9-43D7-4D1D-A23E-F98FB74E6511}.Debug|Any CPU.Build.0 = Debug|Any CPU
		{AF08BEB9-43D7-4D1D-A23E-F98FB74E6511}.Release|Any CPU.ActiveCfg = Release|Any CPU
		{AF08BEB9-43D7-4D1D-A23E-F98FB74E6511}.Release|Any CPU.Build.0 = Release|Any CPU
		{977A9FF8-038F-4825-905C-C3B59785BE24}.Debug|Any CPU.ActiveCfg = Debug|Any CPU
		{977A9FF8-038F-4825-905C-C3B59785BE24}.Debug|Any CPU.Build.0 = Debug|Any CPU
		{977A9FF8-038F-4825-905C-C3B59785BE24}.Release|Any CPU.ActiveCfg = Release|Any CPU
		{977A9FF8-038F-4825-905C-C3B59785BE24}.Release|Any CPU.Build.0 = Release|Any CPU
		{C419E401-B6C9-4650-AE30-4967BD75B81D}.Debug|Any CPU.ActiveCfg = Debug|Any CPU
		{C419E401-B6C9-4650-AE30-4967BD75B81D}.Debug|Any CPU.Build.0 = Debug|Any CPU
		{C419E401-B6C9-4650-AE30-4967BD75B81D}.Release|Any CPU.ActiveCfg = Release|Any CPU
		{C419E401-B6C9-4650-AE30-4967BD75B81D}.Release|Any CPU.Build.0 = Release|Any CPU
		{80C218A9-102D-4E20-9BA5-378B85A28860}.Debug|Any CPU.ActiveCfg = Debug|Any CPU
		{80C218A9-102D-4E20-9BA5-378B85A28860}.Debug|Any CPU.Build.0 = Debug|Any CPU
		{80C218A9-102D-4E20-9BA5-378B85A28860}.Release|Any CPU.ActiveCfg = Release|Any CPU
		{80C218A9-102D-4E20-9BA5-378B85A28860}.Release|Any CPU.Build.0 = Release|Any CPU
		{4FD4439C-6CFD-422C-9BA7-240C965EC00F}.Debug|Any CPU.ActiveCfg = Debug|Any CPU
		{4FD4439C-6CFD-422C-9BA7-240C965EC00F}.Debug|Any CPU.Build.0 = Debug|Any CPU
		{4FD4439C-6CFD-422C-9BA7-240C965EC00F}.Release|Any CPU.ActiveCfg = Release|Any CPU
		{4FD4439C-6CFD-422C-9BA7-240C965EC00F}.Release|Any CPU.Build.0 = Release|Any CPU
		{AFFD8D7A-FE5C-484A-8B57-29544CBA6A6F}.Debug|Any CPU.ActiveCfg = Debug|Any CPU
		{AFFD8D7A-FE5C-484A-8B57-29544CBA6A6F}.Debug|Any CPU.Build.0 = Debug|Any CPU
		{AFFD8D7A-FE5C-484A-8B57-29544CBA6A6F}.Release|Any CPU.ActiveCfg = Release|Any CPU
		{AFFD8D7A-FE5C-484A-8B57-29544CBA6A6F}.Release|Any CPU.Build.0 = Release|Any CPU
		{BA5832BC-D64D-4429-9FF3-25C085259681}.Debug|Any CPU.ActiveCfg = Debug|Any CPU
		{BA5832BC-D64D-4429-9FF3-25C085259681}.Debug|Any CPU.Build.0 = Debug|Any CPU
		{BA5832BC-D64D-4429-9FF3-25C085259681}.Release|Any CPU.ActiveCfg = Release|Any CPU
		{BA5832BC-D64D-4429-9FF3-25C085259681}.Release|Any CPU.Build.0 = Release|Any CPU
	EndGlobalSection
	GlobalSection(SolutionProperties) = preSolution
		HideSolutionNode = FALSE
	EndGlobalSection
	GlobalSection(NestedProjects) = preSolution
		{673847C0-AF0A-4A0E-B07D-AF851C7A45F0} = {8D2168B2-61E7-482F-B381-6AB3B6B96055}
		{817F9084-4BE2-4366-B113-964E5ECE5BF4} = {8D2168B2-61E7-482F-B381-6AB3B6B96055}
		{3A20B161-B09E-4EE9-9AC0-9520522C3243} = {8D2168B2-61E7-482F-B381-6AB3B6B96055}
		{8E397737-A3CA-423F-AB97-B4DDEE731C59} = {8D2168B2-61E7-482F-B381-6AB3B6B96055}
		{DD59CAA8-58CC-4D86-A2B8-EF171DBF5F51} = {673847C0-AF0A-4A0E-B07D-AF851C7A45F0}
		{951BE03C-1DB3-4C1F-B87A-4247D3CDE0CE} = {817F9084-4BE2-4366-B113-964E5ECE5BF4}
		{7CDE6F38-D7D4-4ADD-BD5B-EE0F5EEA674D} = {3A20B161-B09E-4EE9-9AC0-9520522C3243}
		{D026CD3B-F1A6-4BD7-9D99-FB4F7F4DF3EF} = {8E397737-A3CA-423F-AB97-B4DDEE731C59}
		{7DDB85B6-4379-4C65-9414-555932724549} = {8E397737-A3CA-423F-AB97-B4DDEE731C59}
		{28190BF8-EDD1-4070-A073-5AD78ADF1EB7} = {D026CD3B-F1A6-4BD7-9D99-FB4F7F4DF3EF}
		{240337DD-A610-4948-9125-08F55680A77C} = {D026CD3B-F1A6-4BD7-9D99-FB4F7F4DF3EF}
		{360608A2-EB89-4DDA-8F38-57B04AF654E2} = {D026CD3B-F1A6-4BD7-9D99-FB4F7F4DF3EF}
		{E6A49178-8439-472E-B7B2-5E321848B998} = {D026CD3B-F1A6-4BD7-9D99-FB4F7F4DF3EF}
		{38D84E35-3D79-41A6-A0C4-B07666C5AB30} = {28190BF8-EDD1-4070-A073-5AD78ADF1EB7}
		{6EF9726B-05CB-4069-9CB4-CF4A5FC3C2CF} = {240337DD-A610-4948-9125-08F55680A77C}
		{AF08BEB9-43D7-4D1D-A23E-F98FB74E6511} = {E6A49178-8439-472E-B7B2-5E321848B998}
		{977A9FF8-038F-4825-905C-C3B59785BE24} = {360608A2-EB89-4DDA-8F38-57B04AF654E2}
		{D162563D-037F-4C16-AE5C-6C4D86A39B89} = {7DDB85B6-4379-4C65-9414-555932724549}
		{C419E401-B6C9-4650-AE30-4967BD75B81D} = {D162563D-037F-4C16-AE5C-6C4D86A39B89}
		{0A2EA196-6DC2-4D03-8FB0-106A0AF91C8F} = {7DDB85B6-4379-4C65-9414-555932724549}
		{22C4F646-E974-4238-937B-2D1059EF452E} = {7DDB85B6-4379-4C65-9414-555932724549}
		{B2C44621-A81E-47B9-93E2-1EFA3B2DF780} = {7DDB85B6-4379-4C65-9414-555932724549}
		{80C218A9-102D-4E20-9BA5-378B85A28860} = {B2C44621-A81E-47B9-93E2-1EFA3B2DF780}
		{4FD4439C-6CFD-422C-9BA7-240C965EC00F} = {22C4F646-E974-4238-937B-2D1059EF452E}
		{AFFD8D7A-FE5C-484A-8B57-29544CBA6A6F} = {0A2EA196-6DC2-4D03-8FB0-106A0AF91C8F}
		{BA5832BC-D64D-4429-9FF3-25C085259681} = {2B079BB9-8639-48C9-A844-C11A45D7B0CA}
	EndGlobalSection
	GlobalSection(ExtensibilityGlobals) = postSolution
		SolutionGuid = {EA34EF40-FFE9-4CA2-BCA1-217AA220B987}
	EndGlobalSection
EndGlobal
